Microsoft Visual Studio Solution File, Format Version 11.00
# Visual Studio 2008

Project("{E7873E8D-4835-054F-A99D-60502E5C7459}") = "DeathMarch", "Assembly-CSharp-firstpass.csproj", "{1E3F15FB-9033-9703-9C78-8D10EFC3988E}"
EndProject
Project("{E7873E8D-4835-054F-A99D-60502E5C7459}") = "DeathMarch", "Assembly-CSharp.csproj", "{5FB986B0-478F-C4E5-C53B-CF965A7CF02B}"
EndProject
Global
	GlobalSection(SolutionConfigurationPlatforms) = preSolution
		Debug|Any CPU = Debug|Any CPU
		Release|Any CPU = Release|Any CPU
	EndGlobalSection
	GlobalSection(ProjectConfigurationPlatforms) = postSolution
		{1E3F15FB-9033-9703-9C78-8D10EFC3988E}.Debug|Any CPU.ActiveCfg = Debug|Any CPU
		{1E3F15FB-9033-9703-9C78-8D10EFC3988E}.Debug|Any CPU.Build.0 = Debug|Any CPU
		{1E3F15FB-9033-9703-9C78-8D10EFC3988E}.Release|Any CPU.ActiveCfg = Release|Any CPU
		{1E3F15FB-9033-9703-9C78-8D10EFC3988E}.Release|Any CPU.Build.0 = Release|Any CPU
		{5FB986B0-478F-C4E5-C53B-CF965A7CF02B}.Debug|Any CPU.ActiveCfg = Debug|Any CPU
		{5FB986B0-478F-C4E5-C53B-CF965A7CF02B}.Debug|Any CPU.Build.0 = Debug|Any CPU
		{5FB986B0-478F-C4E5-C53B-CF965A7CF02B}.Release|Any CPU.ActiveCfg = Release|Any CPU
		{5FB986B0-478F-C4E5-C53B-CF965A7CF02B}.Release|Any CPU.Build.0 = Release|Any CPU
	EndGlobalSection
	GlobalSection(SolutionProperties) = preSolution
		HideSolutionNode = FALSE
	EndGlobalSection
	GlobalSection(MonoDevelopProperties) = preSolution
		StartupItem = Assembly-CSharp.csproj
	EndGlobalSection
EndGlobal
